// !$*UTF8*$!
{
	archiveVersion = 1;
	classes = {
	};
	objectVersion = 48;
	objects = {

/* Begin PBXBuildFile section */
		111B72EB2C13CB6F19A9C27E /* libPods-KRLogin.a in Frameworks */ = {isa = PBXBuildFile; fileRef = FC3CD1288FA8AE3F42991B0C /* libPods-KRLogin.a */; };
		1615A52B1FE100D000AC5780 /* AppDelegate.m in Sources */ = {isa = PBXBuildFile; fileRef = 1615A52A1FE100D000AC5780 /* AppDelegate.m */; };
		1615A5331FE100D000AC5780 /* Assets.xcassets in Resources */ = {isa = PBXBuildFile; fileRef = 1615A5321FE100D000AC5780 /* Assets.xcassets */; };
		1615A5361FE100D000AC5780 /* LaunchScreen.storyboard in Resources */ = {isa = PBXBuildFile; fileRef = 1615A5341FE100D000AC5780 /* LaunchScreen.storyboard */; };
		1615A5391FE100D000AC5780 /* main.m in Sources */ = {isa = PBXBuildFile; fileRef = 1615A5381FE100D000AC5780 /* main.m */; };
		1615A5431FE100D000AC5780 /* KRLoginTests.m in Sources */ = {isa = PBXBuildFile; fileRef = 1615A5421FE100D000AC5780 /* KRLoginTests.m */; };
		1615A54E1FE100D000AC5780 /* KRLoginUITests.m in Sources */ = {isa = PBXBuildFile; fileRef = 1615A54D1FE100D000AC5780 /* KRLoginUITests.m */; };
		1615A5621FE1045900AC5780 /* KRLoginController.m in Sources */ = {isa = PBXBuildFile; fileRef = 1615A5611FE1045900AC5780 /* KRLoginController.m */; };
		1615A5651FE109A000AC5780 /* KRLoginView.m in Sources */ = {isa = PBXBuildFile; fileRef = 1615A5641FE109A000AC5780 /* KRLoginView.m */; };
		16AD4CF11FE361F1007F409F /* LXCountdownButton.m in Sources */ = {isa = PBXBuildFile; fileRef = 16AD4CF01FE361F1007F409F /* LXCountdownButton.m */; };
		16AD4CF41FE376A8007F409F /* KRTestViewController.m in Sources */ = {isa = PBXBuildFile; fileRef = 16AD4CF31FE376A8007F409F /* KRTestViewController.m */; };
		16AD4D061FE3A3AF007F409F /* KRFindPasswordController.m in Sources */ = {isa = PBXBuildFile; fileRef = 16AD4D011FE3A3AE007F409F /* KRFindPasswordController.m */; };
		16AD4D071FE3A3AF007F409F /* KRFindPasswordView.m in Sources */ = {isa = PBXBuildFile; fileRef = 16AD4D051FE3A3AE007F409F /* KRFindPasswordView.m */; };
		16AD4D0A1FE3A3E9007F409F /* KRSettingPasswordController.m in Sources */ = {isa = PBXBuildFile; fileRef = 16AD4D091FE3A3E9007F409F /* KRSettingPasswordController.m */; };
		16AD4D0D1FE3A66A007F409F /* KRSettingPasswordView.m in Sources */ = {isa = PBXBuildFile; fileRef = 16AD4D0C1FE3A66A007F409F /* KRSettingPasswordView.m */; };
		16AD4D111FE3AD4B007F409F /* Target_KRLogin.m in Sources */ = {isa = PBXBuildFile; fileRef = 16AD4D101FE3AD4B007F409F /* Target_KRLogin.m */; };
/* End PBXBuildFile section */

/* Begin PBXContainerItemProxy section */
		1615A53F1FE100D000AC5780 /* PBXContainerItemProxy */ = {
			isa = PBXContainerItemProxy;
			containerPortal = 1615A51E1FE100D000AC5780 /* Project object */;
			proxyType = 1;
			remoteGlobalIDString = 1615A5251FE100D000AC5780;
			remoteInfo = KRLogin;
		};
		1615A54A1FE100D000AC5780 /* PBXContainerItemProxy */ = {
			isa = PBXContainerItemProxy;
			containerPortal = 1615A51E1FE100D000AC5780 /* Project object */;
			proxyType = 1;
			remoteGlobalIDString = 1615A5251FE100D000AC5780;
			remoteInfo = KRLogin;
		};
/* End PBXContainerItemProxy section */

/* Begin PBXFileReference section */
		1615A5261FE100D000AC5780 /* KRLogin.app */ = {isa = PBXFileReference; explicitFileType = wrapper.application; includeInIndex = 0; path = KRLogin.app; sourceTree = BUILT_PRODUCTS_DIR; };
		1615A5291FE100D000AC5780 /* AppDelegate.h */ = {isa = PBXFileReference; lastKnownFileType = sourcecode.c.h; path = AppDelegate.h; sourceTree = "<group>"; };
		1615A52A1FE100D000AC5780 /* AppDelegate.m */ = {isa = PBXFileReference; lastKnownFileType = sourcecode.c.objc; path = AppDelegate.m; sourceTree = "<group>"; };
		1615A5321FE100D000AC5780 /* Assets.xcassets */ = {isa = PBXFileReference; lastKnownFileType = folder.assetcatalog; path = Assets.xcassets; sourceTree = "<group>"; };
		1615A5351FE100D000AC5780 /* Base */ = {isa = PBXFileReference; lastKnownFileType = file.storyboard; name = Base; path = Base.lproj/LaunchScreen.storyboard; sourceTree = "<group>"; };
		1615A5371FE100D000AC5780 /* Info.plist */ = {isa = PBXFileReference; lastKnownFileType = text.plist.xml; path = Info.plist; sourceTree = "<group>"; };
		1615A5381FE100D000AC5780 /* main.m */ = {isa = PBXFileReference; lastKnownFileType = sourcecode.c.objc; path = main.m; sourceTree = "<group>"; };
		1615A53E1FE100D000AC5780 /* KRLoginTests.xctest */ = {isa = PBXFileReference; explicitFileType = wrapper.cfbundle; includeInIndex = 0; path = KRLoginTests.xctest; sourceTree = BUILT_PRODUCTS_DIR; };
		1615A5421FE100D000AC5780 /* KRLoginTests.m */ = {isa = PBXFileReference; lastKnownFileType = sourcecode.c.objc; path = KRLoginTests.m; sourceTree = "<group>"; };
		1615A5441FE100D000AC5780 /* Info.plist */ = {isa = PBXFileReference; lastKnownFileType = text.plist.xml; path = Info.plist; sourceTree = "<group>"; };
		1615A5491FE100D000AC5780 /* KRLoginUITests.xctest */ = {isa = PBXFileReference; explicitFileType = wrapper.cfbundle; includeInIndex = 0; path = KRLoginUITests.xctest; sourceTree = BUILT_PRODUCTS_DIR; };
		1615A54D1FE100D000AC5780 /* KRLoginUITests.m */ = {isa = PBXFileReference; lastKnownFileType = sourcecode.c.objc; path = KRLoginUITests.m; sourceTree = "<group>"; };
		1615A54F1FE100D000AC5780 /* Info.plist */ = {isa = PBXFileReference; lastKnownFileType = text.plist.xml; path = Info.plist; sourceTree = "<group>"; };
		1615A5601FE1045900AC5780 /* KRLoginController.h */ = {isa = PBXFileReference; lastKnownFileType = sourcecode.c.h; path = KRLoginController.h; sourceTree = "<group>"; };
		1615A5611FE1045900AC5780 /* KRLoginController.m */ = {isa = PBXFileReference; lastKnownFileType = sourcecode.c.objc; path = KRLoginController.m; sourceTree = "<group>"; };
		1615A5631FE109A000AC5780 /* KRLoginView.h */ = {isa = PBXFileReference; lastKnownFileType = sourcecode.c.h; path = KRLoginView.h; sourceTree = "<group>"; };
		1615A5641FE109A000AC5780 /* KRLoginView.m */ = {isa = PBXFileReference; lastKnownFileType = sourcecode.c.objc; path = KRLoginView.m; sourceTree = "<group>"; };
		16AD4CEF1FE361F0007F409F /* LXCountdownButton.h */ = {isa = PBXFileReference; fileEncoding = 4; lastKnownFileType = sourcecode.c.h; path = LXCountdownButton.h; sourceTree = "<group>"; };
		16AD4CF01FE361F1007F409F /* LXCountdownButton.m */ = {isa = PBXFileReference; fileEncoding = 4; lastKnownFileType = sourcecode.c.objc; path = LXCountdownButton.m; sourceTree = "<group>"; };
		16AD4CF21FE376A8007F409F /* KRTestViewController.h */ = {isa = PBXFileReference; lastKnownFileType = sourcecode.c.h; path = KRTestViewController.h; sourceTree = "<group>"; };
		16AD4CF31FE376A8007F409F /* KRTestViewController.m */ = {isa = PBXFileReference; lastKnownFileType = sourcecode.c.objc; path = KRTestViewController.m; sourceTree = "<group>"; };
		16AD4D001FE3A3AE007F409F /* KRFindPasswordController.h */ = {isa = PBXFileReference; fileEncoding = 4; lastKnownFileType = sourcecode.c.h; path = KRFindPasswordController.h; sourceTree = "<group>"; };
		16AD4D011FE3A3AE007F409F /* KRFindPasswordController.m */ = {isa = PBXFileReference; fileEncoding = 4; lastKnownFileType = sourcecode.c.objc; path = KRFindPasswordController.m; sourceTree = "<group>"; };
		16AD4D041FE3A3AE007F409F /* KRFindPasswordView.h */ = {isa = PBXFileReference; fileEncoding = 4; lastKnownFileType = sourcecode.c.h; path = KRFindPasswordView.h; sourceTree = "<group>"; };
		16AD4D051FE3A3AE007F409F /* KRFindPasswordView.m */ = {isa = PBXFileReference; fileEncoding = 4; lastKnownFileType = sourcecode.c.objc; path = KRFindPasswordView.m; sourceTree = "<group>"; };
		16AD4D081FE3A3E9007F409F /* KRSettingPasswordController.h */ = {isa = PBXFileReference; lastKnownFileType = sourcecode.c.h; path = KRSettingPasswordController.h; sourceTree = "<group>"; };
		16AD4D091FE3A3E9007F409F /* KRSettingPasswordController.m */ = {isa = PBXFileReference; lastKnownFileType = sourcecode.c.objc; path = KRSettingPasswordController.m; sourceTree = "<group>"; };
		16AD4D0B1FE3A66A007F409F /* KRSettingPasswordView.h */ = {isa = PBXFileReference; lastKnownFileType = sourcecode.c.h; path = KRSettingPasswordView.h; sourceTree = "<group>"; };
		16AD4D0C1FE3A66A007F409F /* KRSettingPasswordView.m */ = {isa = PBXFileReference; lastKnownFileType = sourcecode.c.objc; path = KRSettingPasswordView.m; sourceTree = "<group>"; };
		16AD4D0F1FE3AD4B007F409F /* Target_KRLogin.h */ = {isa = PBXFileReference; lastKnownFileType = sourcecode.c.h; path = Target_KRLogin.h; sourceTree = "<group>"; };
		16AD4D101FE3AD4B007F409F /* Target_KRLogin.m */ = {isa = PBXFileReference; lastKnownFileType = sourcecode.c.objc; path = Target_KRLogin.m; sourceTree = "<group>"; };
		510C7744570F5D5D8B7A631A /* Pods-KRLogin.debug.xcconfig */ = {isa = PBXFileReference; includeInIndex = 1; lastKnownFileType = text.xcconfig; name = "Pods-KRLogin.debug.xcconfig"; path = "Pods/Target Support Files/Pods-KRLogin/Pods-KRLogin.debug.xcconfig"; sourceTree = "<group>"; };
		69052250D8AEB82EBFF746C5 /* Pods-KRLogin.release.xcconfig */ = {isa = PBXFileReference; includeInIndex = 1; lastKnownFileType = text.xcconfig; name = "Pods-KRLogin.release.xcconfig"; path = "Pods/Target Support Files/Pods-KRLogin/Pods-KRLogin.release.xcconfig"; sourceTree = "<group>"; };
		FC3CD1288FA8AE3F42991B0C /* libPods-KRLogin.a */ = {isa = PBXFileReference; explicitFileType = archive.ar; includeInIndex = 0; path = "libPods-KRLogin.a"; sourceTree = BUILT_PRODUCTS_DIR; };
/* End PBXFileReference section */

/* Begin PBXFrameworksBuildPhase section */
		1615A5231FE100D000AC5780 /* Frameworks */ = {
			isa = PBXFrameworksBuildPhase;
			buildActionMask = 2147483647;
			files = (
				111B72EB2C13CB6F19A9C27E /* libPods-KRLogin.a in Frameworks */,
			);
			runOnlyForDeploymentPostprocessing = 0;
		};
		1615A53B1FE100D000AC5780 /* Frameworks */ = {
			isa = PBXFrameworksBuildPhase;
			buildActionMask = 2147483647;
			files = (
			);
			runOnlyForDeploymentPostprocessing = 0;
		};
		1615A5461FE100D000AC5780 /* Frameworks */ = {
			isa = PBXFrameworksBuildPhase;
			buildActionMask = 2147483647;
			files = (
			);
			runOnlyForDeploymentPostprocessing = 0;
		};
/* End PBXFrameworksBuildPhase section */

/* Begin PBXGroup section */
		0B08AC65FF42D93C52E4D6C6 /* Pods */ = {
			isa = PBXGroup;
			children = (
				510C7744570F5D5D8B7A631A /* Pods-KRLogin.debug.xcconfig */,
				69052250D8AEB82EBFF746C5 /* Pods-KRLogin.release.xcconfig */,
			);
			name = Pods;
			sourceTree = "<group>";
		};
		1615A51D1FE100D000AC5780 = {
			isa = PBXGroup;
			children = (
				1615A5281FE100D000AC5780 /* KRLogin */,
				1615A5411FE100D000AC5780 /* KRLoginTests */,
				1615A54C1FE100D000AC5780 /* KRLoginUITests */,
				1615A5271FE100D000AC5780 /* Products */,
				0B08AC65FF42D93C52E4D6C6 /* Pods */,
				5527E51FDEFCEBCC175119C1 /* Frameworks */,
			);
			sourceTree = "<group>";
		};
		1615A5271FE100D000AC5780 /* Products */ = {
			isa = PBXGroup;
			children = (
				1615A5261FE100D000AC5780 /* KRLogin.app */,
				1615A53E1FE100D000AC5780 /* KRLoginTests.xctest */,
				1615A5491FE100D000AC5780 /* KRLoginUITests.xctest */,
			);
			name = Products;
			sourceTree = "<group>";
		};
		1615A5281FE100D000AC5780 /* KRLogin */ = {
			isa = PBXGroup;
			children = (
				1615A55B1FE100EF00AC5780 /* Classes */,
				1615A5291FE100D000AC5780 /* AppDelegate.h */,
				1615A52A1FE100D000AC5780 /* AppDelegate.m */,
				16AD4CF21FE376A8007F409F /* KRTestViewController.h */,
				16AD4CF31FE376A8007F409F /* KRTestViewController.m */,
				1615A5321FE100D000AC5780 /* Assets.xcassets */,
				1615A5341FE100D000AC5780 /* LaunchScreen.storyboard */,
				1615A5371FE100D000AC5780 /* Info.plist */,
				1615A5381FE100D000AC5780 /* main.m */,
			);
			path = KRLogin;
			sourceTree = "<group>";
		};
		1615A5411FE100D000AC5780 /* KRLoginTests */ = {
			isa = PBXGroup;
			children = (
				1615A5421FE100D000AC5780 /* KRLoginTests.m */,
				1615A5441FE100D000AC5780 /* Info.plist */,
			);
			path = KRLoginTests;
			sourceTree = "<group>";
		};
		1615A54C1FE100D000AC5780 /* KRLoginUITests */ = {
			isa = PBXGroup;
			children = (
				1615A54D1FE100D000AC5780 /* KRLoginUITests.m */,
				1615A54F1FE100D000AC5780 /* Info.plist */,
			);
			path = KRLoginUITests;
			sourceTree = "<group>";
		};
		1615A55B1FE100EF00AC5780 /* Classes */ = {
			isa = PBXGroup;
			children = (
				16AD4D0E1FE3AD0D007F409F /* Targets */,
				16AD4CFE1FE3A3AE007F409F /* FindPwd */,
				1615A55C1FE1031200AC5780 /* Login */,
			);
			path = Classes;
			sourceTree = "<group>";
		};
		1615A55C1FE1031200AC5780 /* Login */ = {
			isa = PBXGroup;
			children = (
				1615A55F1FE1032500AC5780 /* Controller */,
				1615A55D1FE1032400AC5780 /* Model */,
				1615A55E1FE1032500AC5780 /* View */,
			);
			path = Login;
			sourceTree = "<group>";
		};
		1615A55D1FE1032400AC5780 /* Model */ = {
			isa = PBXGroup;
			children = (
			);
			path = Model;
			sourceTree = "<group>";
		};
		1615A55E1FE1032500AC5780 /* View */ = {
			isa = PBXGroup;
			children = (
				1615A5631FE109A000AC5780 /* KRLoginView.h */,
				1615A5641FE109A000AC5780 /* KRLoginView.m */,
				16AD4CEF1FE361F0007F409F /* LXCountdownButton.h */,
				16AD4CF01FE361F1007F409F /* LXCountdownButton.m */,
			);
			path = View;
			sourceTree = "<group>";
		};
		1615A55F1FE1032500AC5780 /* Controller */ = {
			isa = PBXGroup;
			children = (
				1615A5601FE1045900AC5780 /* KRLoginController.h */,
				1615A5611FE1045900AC5780 /* KRLoginController.m */,
			);
			path = Controller;
			sourceTree = "<group>";
		};
		16AD4CFE1FE3A3AE007F409F /* FindPwd */ = {
			isa = PBXGroup;
			children = (
				16AD4CFF1FE3A3AE007F409F /* Controller */,
				16AD4D021FE3A3AE007F409F /* Model */,
				16AD4D031FE3A3AE007F409F /* View */,
			);
			path = FindPwd;
			sourceTree = "<group>";
		};
		16AD4CFF1FE3A3AE007F409F /* Controller */ = {
			isa = PBXGroup;
			children = (
				16AD4D001FE3A3AE007F409F /* KRFindPasswordController.h */,
				16AD4D011FE3A3AE007F409F /* KRFindPasswordController.m */,
				16AD4D081FE3A3E9007F409F /* KRSettingPasswordController.h */,
				16AD4D091FE3A3E9007F409F /* KRSettingPasswordController.m */,
			);
			path = Controller;
			sourceTree = "<group>";
		};
		16AD4D021FE3A3AE007F409F /* Model */ = {
			isa = PBXGroup;
			children = (
			);
			path = Model;
			sourceTree = "<group>";
		};
		16AD4D031FE3A3AE007F409F /* View */ = {
			isa = PBXGroup;
			children = (
				16AD4D041FE3A3AE007F409F /* KRFindPasswordView.h */,
				16AD4D051FE3A3AE007F409F /* KRFindPasswordView.m */,
				16AD4D0B1FE3A66A007F409F /* KRSettingPasswordView.h */,
				16AD4D0C1FE3A66A007F409F /* KRSettingPasswordView.m */,
			);
			path = View;
			sourceTree = "<group>";
		};
		16AD4D0E1FE3AD0D007F409F /* Targets */ = {
			isa = PBXGroup;
			children = (
				16AD4D0F1FE3AD4B007F409F /* Target_KRLogin.h */,
				16AD4D101FE3AD4B007F409F /* Target_KRLogin.m */,
			);
			path = Targets;
			sourceTree = "<group>";
		};
		5527E51FDEFCEBCC175119C1 /* Frameworks */ = {
			isa = PBXGroup;
			children = (
				FC3CD1288FA8AE3F42991B0C /* libPods-KRLogin.a */,
			);
			name = Frameworks;
			sourceTree = "<group>";
		};
/* End PBXGroup section */

/* Begin PBXNativeTarget section */
		1615A5251FE100D000AC5780 /* KRLogin */ = {
			isa = PBXNativeTarget;
			buildConfigurationList = 1615A5521FE100D000AC5780 /* Build configuration list for PBXNativeTarget "KRLogin" */;
			buildPhases = (
				C739C1E7D542F9BDEA256C5B /* [CP] Check Pods Manifest.lock */,
				1615A5221FE100D000AC5780 /* Sources */,
				1615A5231FE100D000AC5780 /* Frameworks */,
				1615A5241FE100D000AC5780 /* Resources */,
				A7C5006B8A8BE4C6BFE3879E /* [CP] Embed Pods Frameworks */,
				6682AC89E51BA51FD199B3D0 /* [CP] Copy Pods Resources */,
			);
			buildRules = (
			);
			dependencies = (
			);
			name = KRLogin;
			productName = KRLogin;
			productReference = 1615A5261FE100D000AC5780 /* KRLogin.app */;
			productType = "com.apple.product-type.application";
		};
		1615A53D1FE100D000AC5780 /* KRLoginTests */ = {
			isa = PBXNativeTarget;
			buildConfigurationList = 1615A5551FE100D000AC5780 /* Build configuration list for PBXNativeTarget "KRLoginTests" */;
			buildPhases = (
				1615A53A1FE100D000AC5780 /* Sources */,
				1615A53B1FE100D000AC5780 /* Frameworks */,
				1615A53C1FE100D000AC5780 /* Resources */,
			);
			buildRules = (
			);
			dependencies = (
				1615A5401FE100D000AC5780 /* PBXTargetDependency */,
			);
			name = KRLoginTests;
			productName = KRLoginTests;
			productReference = 1615A53E1FE100D000AC5780 /* KRLoginTests.xctest */;
			productType = "com.apple.product-type.bundle.unit-test";
		};
		1615A5481FE100D000AC5780 /* KRLoginUITests */ = {
			isa = PBXNativeTarget;
			buildConfigurationList = 1615A5581FE100D000AC5780 /* Build configuration list for PBXNativeTarget "KRLoginUITests" */;
			buildPhases = (
				1615A5451FE100D000AC5780 /* Sources */,
				1615A5461FE100D000AC5780 /* Frameworks */,
				1615A5471FE100D000AC5780 /* Resources */,
			);
			buildRules = (
			);
			dependencies = (
				1615A54B1FE100D000AC5780 /* PBXTargetDependency */,
			);
			name = KRLoginUITests;
			productName = KRLoginUITests;
			productReference = 1615A5491FE100D000AC5780 /* KRLoginUITests.xctest */;
			productType = "com.apple.product-type.bundle.ui-testing";
		};
/* End PBXNativeTarget section */

/* Begin PBXProject section */
		1615A51E1FE100D000AC5780 /* Project object */ = {
			isa = PBXProject;
			attributes = {
				CLASSPREFIX = KR;
				LastUpgradeCheck = 0920;
				ORGANIZATIONNAME = Ace;
				TargetAttributes = {
					1615A5251FE100D000AC5780 = {
						CreatedOnToolsVersion = 9.2;
						ProvisioningStyle = Automatic;
					};
					1615A53D1FE100D000AC5780 = {
						CreatedOnToolsVersion = 9.2;
						ProvisioningStyle = Automatic;
						TestTargetID = 1615A5251FE100D000AC5780;
					};
					1615A5481FE100D000AC5780 = {
						CreatedOnToolsVersion = 9.2;
						ProvisioningStyle = Automatic;
						TestTargetID = 1615A5251FE100D000AC5780;
					};
				};
			};
			buildConfigurationList = 1615A5211FE100D000AC5780 /* Build configuration list for PBXProject "KRLogin" */;
			compatibilityVersion = "Xcode 8.0";
			developmentRegion = en;
			hasScannedForEncodings = 0;
			knownRegions = (
				en,
				Base,
			);
			mainGroup = 1615A51D1FE100D000AC5780;
			productRefGroup = 1615A5271FE100D000AC5780 /* Products */;
			projectDirPath = "";
			projectRoot = "";
			targets = (
				1615A5251FE100D000AC5780 /* KRLogin */,
				1615A53D1FE100D000AC5780 /* KRLoginTests */,
				1615A5481FE100D000AC5780 /* KRLoginUITests */,
			);
		};
/* End PBXProject section */

/* Begin PBXResourcesBuildPhase section */
		1615A5241FE100D000AC5780 /* Resources */ = {
			isa = PBXResourcesBuildPhase;
			buildActionMask = 2147483647;
			files = (
				1615A5361FE100D000AC5780 /* LaunchScreen.storyboard in Resources */,
				1615A5331FE100D000AC5780 /* Assets.xcassets in Resources */,
			);
			runOnlyForDeploymentPostprocessing = 0;
		};
		1615A53C1FE100D000AC5780 /* Resources */ = {
			isa = PBXResourcesBuildPhase;
			buildActionMask = 2147483647;
			files = (
			);
			runOnlyForDeploymentPostprocessing = 0;
		};
		1615A5471FE100D000AC5780 /* Resources */ = {
			isa = PBXResourcesBuildPhase;
			buildActionMask = 2147483647;
			files = (
			);
			runOnlyForDeploymentPostprocessing = 0;
		};
/* End PBXResourcesBuildPhase section */

/* Begin PBXShellScriptBuildPhase section */
		6682AC89E51BA51FD199B3D0 /* [CP] Copy Pods Resources */ = {
			isa = PBXShellScriptBuildPhase;
			buildActionMask = 2147483647;
			files = (
			);
			inputPaths = (
			);
			name = "[CP] Copy Pods Resources";
			outputPaths = (
			);
			runOnlyForDeploymentPostprocessing = 0;
			shellPath = /bin/sh;
			shellScript = "\"${SRCROOT}/Pods/Target Support Files/Pods-KRLogin/Pods-KRLogin-resources.sh\"\n";
			showEnvVarsInLog = 0;
		};
		A7C5006B8A8BE4C6BFE3879E /* [CP] Embed Pods Frameworks */ = {
			isa = PBXShellScriptBuildPhase;
			buildActionMask = 2147483647;
			files = (
			);
			inputPaths = (
			);
			name = "[CP] Embed Pods Frameworks";
			outputPaths = (
			);
			runOnlyForDeploymentPostprocessing = 0;
			shellPath = /bin/sh;
			shellScript = "\"${SRCROOT}/Pods/Target Support Files/Pods-KRLogin/Pods-KRLogin-frameworks.sh\"\n";
			showEnvVarsInLog = 0;
		};
		C739C1E7D542F9BDEA256C5B /* [CP] Check Pods Manifest.lock */ = {
			isa = PBXShellScriptBuildPhase;
			buildActionMask = 2147483647;
			files = (
			);
			inputPaths = (
				"${PODS_PODFILE_DIR_PATH}/Podfile.lock",
				"${PODS_ROOT}/Manifest.lock",
			);
			name = "[CP] Check Pods Manifest.lock";
			outputPaths = (
				"$(DERIVED_FILE_DIR)/Pods-KRLogin-checkManifestLockResult.txt",
			);
			runOnlyForDeploymentPostprocessing = 0;
			shellPath = /bin/sh;
			shellScript = "diff \"${PODS_PODFILE_DIR_PATH}/Podfile.lock\" \"${PODS_ROOT}/Manifest.lock\" > /dev/null\nif [ $? != 0 ] ; then\n    # print error to STDERR\n    echo \"error: The sandbox is not in sync with the Podfile.lock. Run 'pod install' or update your CocoaPods installation.\" >&2\n    exit 1\nfi\n# This output is used by Xcode 'outputs' to avoid re-running this script phase.\necho \"SUCCESS\" > \"${SCRIPT_OUTPUT_FILE_0}\"\n";
			showEnvVarsInLog = 0;
		};
/* End PBXShellScriptBuildPhase section */

/* Begin PBXSourcesBuildPhase section */
		1615A5221FE100D000AC5780 /* Sources */ = {
			isa = PBXSourcesBuildPhase;
			buildActionMask = 2147483647;
			files = (
				1615A5621FE1045900AC5780 /* KRLoginController.m in Sources */,
				1615A5651FE109A000AC5780 /* KRLoginView.m in Sources */,
				16AD4CF11FE361F1007F409F /* LXCountdownButton.m in Sources */,
				16AD4D071FE3A3AF007F409F /* KRFindPasswordView.m in Sources */,
				1615A5391FE100D000AC5780 /* main.m in Sources */,
				16AD4D0D1FE3A66A007F409F /* KRSettingPasswordView.m in Sources */,
				1615A52B1FE100D000AC5780 /* AppDelegate.m in Sources */,
				16AD4D111FE3AD4B007F409F /* Target_KRLogin.m in Sources */,
				16AD4D0A1FE3A3E9007F409F /* KRSettingPasswordController.m in Sources */,
				16AD4CF41FE376A8007F409F /* KRTestViewController.m in Sources */,
				16AD4D061FE3A3AF007F409F /* KRFindPasswordController.m in Sources */,
			);
			runOnlyForDeploymentPostprocessing = 0;
		};
		1615A53A1FE100D000AC5780 /* Sources */ = {
			isa = PBXSourcesBuildPhase;
			buildActionMask = 2147483647;
			files = (
				1615A5431FE100D000AC5780 /* KRLoginTests.m in Sources */,
			);
			runOnlyForDeploymentPostprocessing = 0;
		};
		1615A5451FE100D000AC5780 /* Sources */ = {
			isa = PBXSourcesBuildPhase;
			buildActionMask = 2147483647;
			files = (
				1615A54E1FE100D000AC5780 /* KRLoginUITests.m in Sources */,
			);
			runOnlyForDeploymentPostprocessing = 0;
		};
/* End PBXSourcesBuildPhase section */

/* Begin PBXTargetDependency section */
		1615A5401FE100D000AC5780 /* PBXTargetDependency */ = {
			isa = PBXTargetDependency;
			target = 1615A5251FE100D000AC5780 /* KRLogin */;
			targetProxy = 1615A53F1FE100D000AC5780 /* PBXContainerItemProxy */;
		};
		1615A54B1FE100D000AC5780 /* PBXTargetDependency */ = {
			isa = PBXTargetDependency;
			target = 1615A5251FE100D000AC5780 /* KRLogin */;
			targetProxy = 1615A54A1FE100D000AC5780 /* PBXContainerItemProxy */;
		};
/* End PBXTargetDependency section */

/* Begin PBXVariantGroup section */
		1615A5341FE100D000AC5780 /* LaunchScreen.storyboard */ = {
			isa = PBXVariantGroup;
			children = (
				1615A5351FE100D000AC5780 /* Base */,
			);
			name = LaunchScreen.storyboard;
			sourceTree = "<group>";
		};
/* End PBXVariantGroup section */

/* Begin XCBuildConfiguration section */
		1615A5501FE100D000AC5780 /* Debug */ = {
			isa = XCBuildConfiguration;
			buildSettings = {
				ALWAYS_SEARCH_USER_PATHS = NO;
				CLANG_ANALYZER_NONNULL = YES;
				CLANG_ANALYZER_NUMBER_OBJECT_CONVERSION = YES_AGGRESSIVE;
				CLANG_CXX_LANGUAGE_STANDARD = "gnu++14";
				CLANG_CXX_LIBRARY = "libc++";
				CLANG_ENABLE_MODULES = YES;
				CLANG_ENABLE_OBJC_ARC = YES;
				CLANG_WARN_BLOCK_CAPTURE_AUTORELEASING = YES;
				CLANG_WARN_BOOL_CONVERSION = YES;
				CLANG_WARN_COMMA = YES;
				CLANG_WARN_CONSTANT_CONVERSION = YES;
				CLANG_WARN_DIRECT_OBJC_ISA_USAGE = YES_ERROR;
				CLANG_WARN_DOCUMENTATION_COMMENTS = YES;
				CLANG_WARN_EMPTY_BODY = YES;
				CLANG_WARN_ENUM_CONVERSION = YES;
				CLANG_WARN_INFINITE_RECURSION = YES;
				CLANG_WARN_INT_CONVERSION = YES;
				CLANG_WARN_NON_LITERAL_NULL_CONVERSION = YES;
				CLANG_WARN_OBJC_LITERAL_CONVERSION = YES;
				CLANG_WARN_OBJC_ROOT_CLASS = YES_ERROR;
				CLANG_WARN_RANGE_LOOP_ANALYSIS = YES;
				CLANG_WARN_STRICT_PROTOTYPES = YES;
				CLANG_WARN_SUSPICIOUS_MOVE = YES;
				CLANG_WARN_UNGUARDED_AVAILABILITY = YES_AGGRESSIVE;
				CLANG_WARN_UNREACHABLE_CODE = YES;
				CLANG_WARN__DUPLICATE_METHOD_MATCH = YES;
				CODE_SIGN_IDENTITY = "iPhone Developer";
				COPY_PHASE_STRIP = NO;
				DEBUG_INFORMATION_FORMAT = dwarf;
				ENABLE_STRICT_OBJC_MSGSEND = YES;
				ENABLE_TESTABILITY = YES;
				GCC_C_LANGUAGE_STANDARD = gnu11;
				GCC_DYNAMIC_NO_PIC = NO;
				GCC_NO_COMMON_BLOCKS = YES;
				GCC_OPTIMIZATION_LEVEL = 0;
				GCC_PREPROCESSOR_DEFINITIONS = (
					"DEBUG=1",
					"$(inherited)",
				);
				GCC_WARN_64_TO_32_BIT_CONVERSION = YES;
				GCC_WARN_ABOUT_RETURN_TYPE = YES_ERROR;
				GCC_WARN_UNDECLARED_SELECTOR = YES;
				GCC_WARN_UNINITIALIZED_AUTOS = YES_AGGRESSIVE;
				GCC_WARN_UNUSED_FUNCTION = YES;
				GCC_WARN_UNUSED_VARIABLE = YES;
				IPHONEOS_DEPLOYMENT_TARGET = 11.2;
				MTL_ENABLE_DEBUG_INFO = YES;
				ONLY_ACTIVE_ARCH = YES;
				SDKROOT = iphoneos;
			};
			name = Debug;
		};
		1615A5511FE100D000AC5780 /* Release */ = {
			isa = XCBuildConfiguration;
			buildSettings = {
				ALWAYS_SEARCH_USER_PATHS = NO;
				CLANG_ANALYZER_NONNULL = YES;
				CLANG_ANALYZER_NUMBER_OBJECT_CONVERSION = YES_AGGRESSIVE;
				CLANG_CXX_LANGUAGE_STANDARD = "gnu++14";
				CLANG_CXX_LIBRARY = "libc++";
				CLANG_ENABLE_MODULES = YES;
				CLANG_ENABLE_OBJC_ARC = YES;
				CLANG_WARN_BLOCK_CAPTURE_AUTORELEASING = YES;
				CLANG_WARN_BOOL_CONVERSION = YES;
				CLANG_WARN_COMMA = YES;
				CLANG_WARN_CONSTANT_CONVERSION = YES;
				CLANG_WARN_DIRECT_OBJC_ISA_USAGE = YES_ERROR;
				CLANG_WARN_DOCUMENTATION_COMMENTS = YES;
				CLANG_WARN_EMPTY_BODY = YES;
				CLANG_WARN_ENUM_CONVERSION = YES;
				CLANG_WARN_INFINITE_RECURSION = YES;
				CLANG_WARN_INT_CONVERSION = YES;
				CLANG_WARN_NON_LITERAL_NULL_CONVERSION = YES;
				CLANG_WARN_OBJC_LITERAL_CONVERSION = YES;
				CLANG_WARN_OBJC_ROOT_CLASS = YES_ERROR;
				CLANG_WARN_RANGE_LOOP_ANALYSIS = YES;
				CLANG_WARN_STRICT_PROTOTYPES = YES;
				CLANG_WARN_SUSPICIOUS_MOVE = YES;
				CLANG_WARN_UNGUARDED_AVAILABILITY = YES_AGGRESSIVE;
				CLANG_WARN_UNREACHABLE_CODE = YES;
				CLANG_WARN__DUPLICATE_METHOD_MATCH = YES;
				CODE_SIGN_IDENTITY = "iPhone Developer";
				COPY_PHASE_STRIP = NO;
				DEBUG_INFORMATION_FORMAT = "dwarf-with-dsym";
				ENABLE_NS_ASSERTIONS = NO;
				ENABLE_STRICT_OBJC_MSGSEND = YES;
				GCC_C_LANGUAGE_STANDARD = gnu11;
				GCC_NO_COMMON_BLOCKS = YES;
				GCC_WARN_64_TO_32_BIT_CONVERSION = YES;
				GCC_WARN_ABOUT_RETURN_TYPE = YES_ERROR;
				GCC_WARN_UNDECLARED_SELECTOR = YES;
				GCC_WARN_UNINITIALIZED_AUTOS = YES_AGGRESSIVE;
				GCC_WARN_UNUSED_FUNCTION = YES;
				GCC_WARN_UNUSED_VARIABLE = YES;
				IPHONEOS_DEPLOYMENT_TARGET = 11.2;
				MTL_ENABLE_DEBUG_INFO = NO;
				SDKROOT = iphoneos;
				VALIDATE_PRODUCT = YES;
			};
			name = Release;
		};
		1615A5531FE100D000AC5780 /* Debug */ = {
			isa = XCBuildConfiguration;
			baseConfigurationReference = 510C7744570F5D5D8B7A631A /* Pods-KRLogin.debug.xcconfig */;
			buildSettings = {
				ASSETCATALOG_COMPILER_APPICON_NAME = AppIcon;
				CODE_SIGN_STYLE = Automatic;
				DEVELOPMENT_TEAM = 8TVSF6Q9MU;
				GCC_PREFIX_HEADER = "$(SRCROOT)/Pods/KRPublishLibrary/KRPublishLibrary/KRPublishLibrary/PrefixHeader.pch/";
				INFOPLIST_FILE = KRLogin/Info.plist;
				IPHONEOS_DEPLOYMENT_TARGET = 9.0;
				LD_RUNPATH_SEARCH_PATHS = "$(inherited) @executable_path/Frameworks";
				PRODUCT_BUNDLE_IDENTIFIER = com.kinrain.KRLogin;
				PRODUCT_NAME = "$(TARGET_NAME)";
				TARGETED_DEVICE_FAMILY = "1,2";
			};
			name = Debug;
		};
		1615A5541FE100D000AC5780 /* Release */ = {
			isa = XCBuildConfiguration;
			baseConfigurationReference = 69052250D8AEB82EBFF746C5 /* Pods-KRLogin.release.xcconfig */;
			buildSettings = {
				ASSETCATALOG_COMPILER_APPICON_NAME = AppIcon;
				CODE_SIGN_STYLE = Automatic;
				DEVELOPMENT_TEAM = 8TVSF6Q9MU;
				GCC_PREFIX_HEADER = "$(SRCROOT)/Pods/KRPublishLibrary/KRPublishLibrary/KRPublishLibrary/PrefixHeader.pch/";
				INFOPLIST_FILE = KRLogin/Info.plist;
				IPHONEOS_DEPLOYMENT_TARGET = 9.0;
				LD_RUNPATH_SEARCH_PATHS = "$(inherited) @executable_path/Frameworks";
				PRODUCT_BUNDLE_IDENTIFIER = com.kinrain.KRLogin;
				PRODUCT_NAME = "$(TARGET_NAME)";
				TARGETED_DEVICE_FAMILY = "1,2";
			};
			name = Release;
		};
		1615A5561FE100D000AC5780 /* Debug */ = {
			isa = XCBuildConfiguration;
			buildSettings = {
				BUNDLE_LOADER = "$(TEST_HOST)";
				CODE_SIGN_STYLE = Automatic;
				DEVELOPMENT_TEAM = 8TVSF6Q9MU;
				INFOPLIST_FILE = KRLoginTests/Info.plist;
				LD_RUNPATH_SEARCH_PATHS = "$(inherited) @executable_path/Frameworks @loader_path/Frameworks";
				PRODUCT_BUNDLE_IDENTIFIER = com.kinrain.KRLoginTests;
				PRODUCT_NAME = "$(TARGET_NAME)";
				TARGETED_DEVICE_FAMILY = "1,2";
				TEST_HOST = "$(BUILT_PRODUCTS_DIR)/KRLogin.app/KRLogin";
			};
			name = Debug;
		};
		1615A5571FE100D000AC5780 /* Release */ = {
			isa = XCBuildConfiguration;
			buildSettings = {
				BUNDLE_LOADER = "$(TEST_HOST)";
				CODE_SIGN_STYLE = Automatic;
				DEVELOPMENT_TEAM = 8TVSF6Q9MU;
				INFOPLIST_FILE = KRLoginTests/Info.plist;
				LD_RUNPATH_SEARCH_PATHS = "$(inherited) @executable_path/Frameworks @loader_path/Frameworks";
				PRODUCT_BUNDLE_IDENTIFIER = com.kinrain.KRLoginTests;
				PRODUCT_NAME = "$(TARGET_NAME)";
				TARGETED_DEVICE_FAMILY = "1,2";
				TEST_HOST = "$(BUILT_PRODUCTS_DIR)/KRLogin.app/KRLogin";
			};
			name = Release;
		};
		1615A5591FE100D000AC5780 /* Debug */ = {
			isa = XCBuildConfiguration;
			buildSettings = {
				CODE_SIGN_STYLE = Automatic;
				DEVELOPMENT_TEAM = 8TVSF6Q9MU;
				INFOPLIST_FILE = KRLoginUITests/Info.plist;
				LD_RUNPATH_SEARCH_PATHS = "$(inherited) @executable_path/Frameworks @loader_path/Frameworks";
				PRODUCT_BUNDLE_IDENTIFIER = com.kinrain.KRLoginUITests;
				PRODUCT_NAME = "$(TARGET_NAME)";
				TARGETED_DEVICE_FAMILY = "1,2";
				TEST_TARGET_NAME = KRLogin;
			};
			name = Debug;
		};
		1615A55A1FE100D000AC5780 /* Release */ = {
			isa = XCBuildConfiguration;
			buildSettings = {
				CODE_SIGN_STYLE = Automatic;
				DEVELOPMENT_TEAM = 8TVSF6Q9MU;
				INFOPLIST_FILE = KRLoginUITests/Info.plist;
				LD_RUNPATH_SEARCH_PATHS = "$(inherited) @executable_path/Frameworks @loader_path/Frameworks";
				PRODUCT_BUNDLE_IDENTIFIER = com.kinrain.KRLoginUITests;
				PRODUCT_NAME = "$(TARGET_NAME)";
				TARGETED_DEVICE_FAMILY = "1,2";
				TEST_TARGET_NAME = KRLogin;
			};
			name = Release;
		};
/* End XCBuildConfiguration section */

/* Begin XCConfigurationList section */
		1615A5211FE100D000AC5780 /* Build configuration list for PBXProject "KRLogin" */ = {
			isa = XCConfigurationList;
			buildConfigurations = (
				1615A5501FE100D000AC5780 /* Debug */,
				1615A5511FE100D000AC5780 /* Release */,
			);
			defaultConfigurationIsVisible = 0;
			defaultConfigurationName = Release;
		};
		1615A5521FE100D000AC5780 /* Build configuration list for PBXNativeTarget "KRLogin" */ = {
			isa = XCConfigurationList;
			buildConfigurations = (
				1615A5531FE100D000AC5780 /* Debug */,
				1615A5541FE100D000AC5780 /* Release */,
			);
			defaultConfigurationIsVisible = 0;
			defaultConfigurationName = Release;
		};
		1615A5551FE100D000AC5780 /* Build configuration list for PBXNativeTarget "KRLoginTests" */ = {
			isa = XCConfigurationList;
			buildConfigurations = (
				1615A5561FE100D000AC5780 /* Debug */,
				1615A5571FE100D000AC5780 /* Release */,
			);
			defaultConfigurationIsVisible = 0;
			defaultConfigurationName = Release;
		};
		1615A5581FE100D000AC5780 /* Build configuration list for PBXNativeTarget "KRLoginUITests" */ = {
			isa = XCConfigurationList;
			buildConfigurations = (
				1615A5591FE100D000AC5780 /* Debug */,
				1615A55A1FE100D000AC5780 /* Release */,
			);
			defaultConfigurationIsVisible = 0;
			defaultConfigurationName = Release;
		};
/* End XCConfigurationList section */
	};
	rootObject = 1615A51E1FE100D000AC5780 /* Project object */;
}
